
Microsoft Visual Studio Solution File, Format Version 12.00
# Visual Studio 15
VisualStudioVersion = 15.0.28307.705
MinimumVisualStudioVersion = 10.0.40219.1
Project("{FAE04EC0-301F-11D3-BF4B-00C04F79EFBC}") = "flowrest", "flowrest\flowrest.csproj", "{A5DB96BE-188B-4E59-831C-7C33DDE5484C}"
EndProject
Global
	GlobalSection(SolutionConfigurationPlatforms) = preSolution
		Debug|Any CPU = Debug|Any CPU
		Release|Any CPU = Release|Any CPU
	EndGlobalSection
	GlobalSection(ProjectConfigurationPlatforms) = postSolution
		{A5DB96BE-188B-4E59-831C-7C33DDE5484C}.Debug|Any CPU.ActiveCfg = Debug|Any CPU
		{A5DB96BE-188B-4E59-831C-7C33DDE5484C}.Debug|Any CPU.Build.0 = Debug|Any CPU
		{A5DB96BE-188B-4E59-831C-7C33DDE5484C}.Release|Any CPU.ActiveCfg = Release|Any CPU
		{A5DB96BE-188B-4E59-831C-7C33DDE5484C}.Release|Any CPU.Build.0 = Release|Any CPU
	EndGlobalSection
	GlobalSection(SolutionProperties) = preSolution
		HideSolutionNode = FALSE
	EndGlobalSection
	GlobalSection(ExtensibilityGlobals) = postSolution
		SolutionGuid = {4BA46B9C-D2E7-4D77-A13D-8A33BF22371B}
	EndGlobalSection
EndGlobal
